
Microsoft Visual Studio Solution File, Format Version 12.00
# Visual Studio Version 17
VisualStudioVersion = 17.13.35806.99 d17.13
MinimumVisualStudioVersion = 10.0.40219.1
Project("{FAE04EC0-301F-11D3-BF4B-00C04F79EFBC}") = "Assignment_2", "Assignment_2.csproj", "{CACCE5BF-E79B-4C32-B454-8E93AB61759B}"
EndProject
Global
	GlobalSection(SolutionConfigurationPlatforms) = preSolution
		Debug|Any CPU = Debug|Any CPU
		Release|Any CPU = Release|Any CPU
	EndGlobalSection
	GlobalSection(ProjectConfigurationPlatforms) = postSolution
		{CACCE5BF-E79B-4C32-B454-8E93AB61759B}.Debug|Any CPU.ActiveCfg = Debug|Any CPU
		{CACCE5BF-E79B-4C32-B454-8E93AB61759B}.Debug|Any CPU.Build.0 = Debug|Any CPU
		{CACCE5BF-E79B-4C32-B454-8E93AB61759B}.Release|Any CPU.ActiveCfg = Release|Any CPU
		{CACCE5BF-E79B-4C32-B454-8E93AB61759B}.Release|Any CPU.Build.0 = Release|Any CPU
	EndGlobalSection
	GlobalSection(SolutionProperties) = preSolution
		HideSolutionNode = FALSE
	EndGlobalSection
	GlobalSection(ExtensibilityGlobals) = postSolution
		SolutionGuid = {E74F2EDD-991C-45C0-AA9B-960C2AEB15EF}
	EndGlobalSection
EndGlobal
